<?xml version="1.0" encoding="UTF-8" standalone="yes" ?>
<CodeBlocks_project_file>
	<FileVersion major="1" minor="6" />
	<Project>
		<Option title="Compilador_1" />
		<Option pch_mode="2" />
		<Option compiler="gcc" />
		<Build>
			<Target title="Debug">
				<Option output="bin/Debug/Compilador_1" prefix_auto="1" extension_auto="1" />
				<Option object_output="obj/Debug/" />
				<Option type="1" />
				<Option compiler="gcc" />
				<Compiler>
					<Add option="-g" />
				</Compiler>
			</Target>
			<Target title="Release">
				<Option output="bin/Release/Compilador_1" prefix_auto="1" extension_auto="1" />
				<Option object_output="obj/Release/" />
				<Option type="1" />
				<Option compiler="gcc" />
				<Compiler>
					<Add option="-O2" />
				</Compiler>
				<Linker>
					<Add option="-s" />
				</Linker>
			</Target>
		</Build>
		<Compiler>
			<Add option="-Wall" />
			<Add option="-fexceptions" />
		</Compiler>
		<Unit filename="Estructuras/AFD/AFD.cpp" />
		<Unit filename="Estructuras/AFD/AFD.h" />
		<Unit filename="Estructuras/AnalisadorLexico/ASintactico.cpp" />
		<Unit filename="Estructuras/AnalisadorLexico/ASintactico.h" />
		<Unit filename="Estructuras/Buffer/Buffer.cpp" />
		<Unit filename="Estructuras/Buffer/Buffer.h" />
		<Unit filename="Estructuras/HasImprovisado/ArbolDeBVL.h" />
		<Unit filename="Estructuras/HasImprovisado/ArbolDeBVL.tpp" />
		<Unit filename="Estructuras/HasImprovisado/HasImp.h" />
		<Unit filename="Estructuras/HasImprovisado/HasImp.tpp" />
		<Unit filename="Estructuras/HasImprovisado/Llave.h" />
		<Unit filename="Estructuras/HasImprovisado/Llave.tpp" />
		<Unit filename="Estructuras/Utileria/ColaCircular.h" />
		<Unit filename="Estructuras/Utileria/ColaCircular.tpp" />
		<Unit filename="Estructuras/Utileria/Pila.h" />
		<Unit filename="Estructuras/Utileria/Pila.tpp" />
		<Unit filename="Estructuras/Utileria/Utileria.cpp" />
		<Unit filename="Estructuras/Utileria/Utileria.h" />
		<Unit filename="main.cpp" />
		<Extensions>
			<code_completion />
			<envvars />
			<debugger />
		</Extensions>
	</Project>
</CodeBlocks_project_file>
